
Microsoft Visual Studio Solution File, Format Version 12.00
# Visual Studio Version 16
VisualStudioVersion = 16.0.30804.86
MinimumVisualStudioVersion = 10.0.40219.1
Project("{FAE04EC0-301F-11D3-BF4B-00C04F79EFBC}") = "NetFramework-GithubActions", "NetFramework-GithubActions.csproj", "{A97064CB-0B3D-42B4-B635-14A46A46C8ED}"
EndProject
Global
	GlobalSection(SolutionConfigurationPlatforms) = preSolution
		Debug|Any CPU = Debug|Any CPU
		Release|Any CPU = Release|Any CPU
	EndGlobalSection
	GlobalSection(ProjectConfigurationPlatforms) = postSolution
		{A97064CB-0B3D-42B4-B635-14A46A46C8ED}.Debug|Any CPU.ActiveCfg = Debug|Any CPU
		{A97064CB-0B3D-42B4-B635-14A46A46C8ED}.Debug|Any CPU.Build.0 = Debug|Any CPU
		{A97064CB-0B3D-42B4-B635-14A46A46C8ED}.Release|Any CPU.ActiveCfg = Release|Any CPU
		{A97064CB-0B3D-42B4-B635-14A46A46C8ED}.Release|Any CPU.Build.0 = Release|Any CPU
	EndGlobalSection
	GlobalSection(SolutionProperties) = preSolution
		HideSolutionNode = FALSE
	EndGlobalSection
	GlobalSection(ExtensibilityGlobals) = postSolution
		SolutionGuid = {EE14EFF6-8605-4BCA-8C2C-E6EA8EC5A459}
	EndGlobalSection
EndGlobal
